
Microsoft Visual Studio Solution File, Format Version 12.00
# Visual Studio 15
VisualStudioVersion = 15.0.28307.421
MinimumVisualStudioVersion = 10.0.40219.1
Project("{FAE04EC0-301F-11D3-BF4B-00C04F79EFBC}") = "CC1101", "CC1101\CC1101.csproj", "{91F39A2F-1023-461B-9008-47FA6E3E2573}"
EndProject
Global
	GlobalSection(SolutionConfigurationPlatforms) = preSolution
		Debug|ARM = Debug|ARM
		Debug|x64 = Debug|x64
		Debug|x86 = Debug|x86
		Release|ARM = Release|ARM
		Release|x64 = Release|x64
		Release|x86 = Release|x86
	EndGlobalSection
	GlobalSection(ProjectConfigurationPlatforms) = postSolution
		{91F39A2F-1023-461B-9008-47FA6E3E2573}.Debug|ARM.ActiveCfg = Debug|ARM
		{91F39A2F-1023-461B-9008-47FA6E3E2573}.Debug|ARM.Build.0 = Debug|ARM
		{91F39A2F-1023-461B-9008-47FA6E3E2573}.Debug|ARM.Deploy.0 = Debug|ARM
		{91F39A2F-1023-461B-9008-47FA6E3E2573}.Debug|x64.ActiveCfg = Debug|x64
		{91F39A2F-1023-461B-9008-47FA6E3E2573}.Debug|x64.Build.0 = Debug|x64
		{91F39A2F-1023-461B-9008-47FA6E3E2573}.Debug|x64.Deploy.0 = Debug|x64
		{91F39A2F-1023-461B-9008-47FA6E3E2573}.Debug|x86.ActiveCfg = Debug|x86
		{91F39A2F-1023-461B-9008-47FA6E3E2573}.Debug|x86.Build.0 = Debug|x86
		{91F39A2F-1023-461B-9008-47FA6E3E2573}.Debug|x86.Deploy.0 = Debug|x86
		{91F39A2F-1023-461B-9008-47FA6E3E2573}.Release|ARM.ActiveCfg = Release|ARM
		{91F39A2F-1023-461B-9008-47FA6E3E2573}.Release|ARM.Build.0 = Release|ARM
		{91F39A2F-1023-461B-9008-47FA6E3E2573}.Release|ARM.Deploy.0 = Release|ARM
		{91F39A2F-1023-461B-9008-47FA6E3E2573}.Release|x64.ActiveCfg = Release|x64
		{91F39A2F-1023-461B-9008-47FA6E3E2573}.Release|x64.Build.0 = Release|x64
		{91F39A2F-1023-461B-9008-47FA6E3E2573}.Release|x64.Deploy.0 = Release|x64
		{91F39A2F-1023-461B-9008-47FA6E3E2573}.Release|x86.ActiveCfg = Release|x86
		{91F39A2F-1023-461B-9008-47FA6E3E2573}.Release|x86.Build.0 = Release|x86
		{91F39A2F-1023-461B-9008-47FA6E3E2573}.Release|x86.Deploy.0 = Release|x86
	EndGlobalSection
	GlobalSection(SolutionProperties) = preSolution
		HideSolutionNode = FALSE
	EndGlobalSection
	GlobalSection(ExtensibilityGlobals) = postSolution
		SolutionGuid = {6F3B1A0F-AA39-4011-A0C3-6021C66D6C58}
	EndGlobalSection
EndGlobal
